
Microsoft Visual Studio Solution File, Format Version 12.00
# Visual Studio Version 16
VisualStudioVersion = 16.0.29806.167
MinimumVisualStudioVersion = 10.0.40219.1
Project("{FAE04EC0-301F-11D3-BF4B-00C04F79EFBC}") = "Incidentium.Application", "Incidentium.Application\Incidentium.Application.csproj", "{E87A10D3-64AB-40BA-A5A8-AD2F122EC7A3}"
EndProject
Project("{FAE04EC0-301F-11D3-BF4B-00C04F79EFBC}") = "Incidentium.Data", "Incidentium.Data\Incidentium.Data.csproj", "{CC63D899-0F2C-4839-9D4A-70789BD82626}"
EndProject
Project("{FAE04EC0-301F-11D3-BF4B-00C04F79EFBC}") = "Incidentium.Services", "Incidentium.Services\Incidentium.Services.csproj", "{60843FF5-0548-4660-A0E8-6A74A7F752EA}"
EndProject
Project("{FAE04EC0-301F-11D3-BF4B-00C04F79EFBC}") = "Incidentium.Domain", "Incidentium.Domain\Incidentium.Domain.csproj", "{31D88627-6F01-4845-A6F3-0B0FB645105D}"
EndProject
Global
	GlobalSection(SolutionConfigurationPlatforms) = preSolution
		Debug|Any CPU = Debug|Any CPU
		Release|Any CPU = Release|Any CPU
	EndGlobalSection
	GlobalSection(ProjectConfigurationPlatforms) = postSolution
		{E87A10D3-64AB-40BA-A5A8-AD2F122EC7A3}.Debug|Any CPU.ActiveCfg = Debug|Any CPU
		{E87A10D3-64AB-40BA-A5A8-AD2F122EC7A3}.Debug|Any CPU.Build.0 = Debug|Any CPU
		{E87A10D3-64AB-40BA-A5A8-AD2F122EC7A3}.Release|Any CPU.ActiveCfg = Release|Any CPU
		{E87A10D3-64AB-40BA-A5A8-AD2F122EC7A3}.Release|Any CPU.Build.0 = Release|Any CPU
		{CC63D899-0F2C-4839-9D4A-70789BD82626}.Debug|Any CPU.ActiveCfg = Debug|Any CPU
		{CC63D899-0F2C-4839-9D4A-70789BD82626}.Debug|Any CPU.Build.0 = Debug|Any CPU
		{CC63D899-0F2C-4839-9D4A-70789BD82626}.Release|Any CPU.ActiveCfg = Release|Any CPU
		{CC63D899-0F2C-4839-9D4A-70789BD82626}.Release|Any CPU.Build.0 = Release|Any CPU
		{60843FF5-0548-4660-A0E8-6A74A7F752EA}.Debug|Any CPU.ActiveCfg = Debug|Any CPU
		{60843FF5-0548-4660-A0E8-6A74A7F752EA}.Debug|Any CPU.Build.0 = Debug|Any CPU
		{60843FF5-0548-4660-A0E8-6A74A7F752EA}.Release|Any CPU.ActiveCfg = Release|Any CPU
		{60843FF5-0548-4660-A0E8-6A74A7F752EA}.Release|Any CPU.Build.0 = Release|Any CPU
		{31D88627-6F01-4845-A6F3-0B0FB645105D}.Debug|Any CPU.ActiveCfg = Debug|Any CPU
		{31D88627-6F01-4845-A6F3-0B0FB645105D}.Debug|Any CPU.Build.0 = Debug|Any CPU
		{31D88627-6F01-4845-A6F3-0B0FB645105D}.Release|Any CPU.ActiveCfg = Release|Any CPU
		{31D88627-6F01-4845-A6F3-0B0FB645105D}.Release|Any CPU.Build.0 = Release|Any CPU
	EndGlobalSection
	GlobalSection(SolutionProperties) = preSolution
		HideSolutionNode = FALSE
	EndGlobalSection
	GlobalSection(ExtensibilityGlobals) = postSolution
		SolutionGuid = {3C6D1859-024C-432B-8ACE-9B9EBFB9D528}
	EndGlobalSection
EndGlobal
